
Microsoft Visual Studio Solution File, Format Version 12.00
# Visual Studio Version 16
VisualStudioVersion = 25.0.1706.8
MinimumVisualStudioVersion = 10.0.40219.1
Project("{FAE04EC0-301F-11D3-BF4B-00C04F79EFBC}") = "BordsBokning", "BordsBokning.csproj", "{7C7EC0BE-9EFC-4818-A580-E6C8559929EE}"
EndProject
Global
	GlobalSection(SolutionConfigurationPlatforms) = preSolution
		Debug|Any CPU = Debug|Any CPU
		Release|Any CPU = Release|Any CPU
	EndGlobalSection
	GlobalSection(ProjectConfigurationPlatforms) = postSolution
		{7C7EC0BE-9EFC-4818-A580-E6C8559929EE}.Debug|Any CPU.ActiveCfg = Debug|Any CPU
		{7C7EC0BE-9EFC-4818-A580-E6C8559929EE}.Debug|Any CPU.Build.0 = Debug|Any CPU
		{7C7EC0BE-9EFC-4818-A580-E6C8559929EE}.Release|Any CPU.ActiveCfg = Release|Any CPU
		{7C7EC0BE-9EFC-4818-A580-E6C8559929EE}.Release|Any CPU.Build.0 = Release|Any CPU
	EndGlobalSection
	GlobalSection(SolutionProperties) = preSolution
		HideSolutionNode = FALSE
	EndGlobalSection
	GlobalSection(ExtensibilityGlobals) = postSolution
		SolutionGuid = {669DFAA8-4950-4256-96A8-FEB4547A8437}
	EndGlobalSection
EndGlobal
